// !$*UTF8*$!
{
	archiveVersion = 1;
	classes = {
	};
	objectVersion = 55;
	objects = {

/* Begin PBXBuildFile section */
		088B087F2753D7F20011CACB /* WatchListView.swift in Sources */ = {isa = PBXBuildFile; fileRef = 088B087E2753D7F20011CACB /* WatchListView.swift */; };
		088B08812753D8020011CACB /* TrashListView.swift in Sources */ = {isa = PBXBuildFile; fileRef = 088B08802753D8020011CACB /* TrashListView.swift */; };
		088B08832753D81F0011CACB /* AdditionalInfoView.swift in Sources */ = {isa = PBXBuildFile; fileRef = 088B08822753D81F0011CACB /* AdditionalInfoView.swift */; };
		088B08852753D8EE0011CACB /* SwipeView.swift in Sources */ = {isa = PBXBuildFile; fileRef = 088B08842753D8EE0011CACB /* SwipeView.swift */; };
		0898B8F42753C90300446BFA /* MainView.swift in Sources */ = {isa = PBXBuildFile; fileRef = 0898B8F32753C90300446BFA /* MainView.swift */; };
		A1DFBEB3275230F800DFCFCF /* WhatToWatchApp.swift in Sources */ = {isa = PBXBuildFile; fileRef = A1DFBEB2275230F800DFCFCF /* WhatToWatchApp.swift */; };
		A1DFBEB5275230F800DFCFCF /* ContentView.swift in Sources */ = {isa = PBXBuildFile; fileRef = A1DFBEB4275230F800DFCFCF /* ContentView.swift */; };
		A1DFBEB7275230FA00DFCFCF /* Assets.xcassets in Resources */ = {isa = PBXBuildFile; fileRef = A1DFBEB6275230FA00DFCFCF /* Assets.xcassets */; };
		A1DFBEBA275230FA00DFCFCF /* Preview Assets.xcassets in Resources */ = {isa = PBXBuildFile; fileRef = A1DFBEB9275230FA00DFCFCF /* Preview Assets.xcassets */; };
		A1DFBEBC275230FA00DFCFCF /* Persistence.swift in Sources */ = {isa = PBXBuildFile; fileRef = A1DFBEBB275230FA00DFCFCF /* Persistence.swift */; };
		A1DFBEBF275230FA00DFCFCF /* WhatToWatch.xcdatamodeld in Sources */ = {isa = PBXBuildFile; fileRef = A1DFBEBD275230FA00DFCFCF /* WhatToWatch.xcdatamodeld */; };
		A1DFBEC9275230FA00DFCFCF /* WhatToWatchTests.swift in Sources */ = {isa = PBXBuildFile; fileRef = A1DFBEC8275230FA00DFCFCF /* WhatToWatchTests.swift */; };
		A1DFBED3275230FA00DFCFCF /* WhatToWatchUITests.swift in Sources */ = {isa = PBXBuildFile; fileRef = A1DFBED2275230FA00DFCFCF /* WhatToWatchUITests.swift */; };
		A1DFBED5275230FA00DFCFCF /* WhatToWatchUITestsLaunchTests.swift in Sources */ = {isa = PBXBuildFile; fileRef = A1DFBED4275230FA00DFCFCF /* WhatToWatchUITestsLaunchTests.swift */; };
		A1DFBEE3275269B600DFCFCF /* MovieSet.swift in Sources */ = {isa = PBXBuildFile; fileRef = A1DFBEE2275269B600DFCFCF /* MovieSet.swift */; };
		A1DFBEE5275269C400DFCFCF /* Movie.swift in Sources */ = {isa = PBXBuildFile; fileRef = A1DFBEE4275269C400DFCFCF /* Movie.swift */; };
		A1DFBEE7275269D600DFCFCF /* MovieModel.swift in Sources */ = {isa = PBXBuildFile; fileRef = A1DFBEE6275269D600DFCFCF /* MovieModel.swift */; };
		A1DFBEEC27527C7C00DFCFCF /* Remote.swift in Sources */ = {isa = PBXBuildFile; fileRef = A1DFBEEB27527C7C00DFCFCF /* Remote.swift */; };
/* End PBXBuildFile section */

/* Begin PBXContainerItemProxy section */
		A1DFBEC5275230FA00DFCFCF /* PBXContainerItemProxy */ = {
			isa = PBXContainerItemProxy;
			containerPortal = A1DFBEA7275230F800DFCFCF /* Project object */;
			proxyType = 1;
			remoteGlobalIDString = A1DFBEAE275230F800DFCFCF;
			remoteInfo = WhatToWatch;
		};
		A1DFBECF275230FA00DFCFCF /* PBXContainerItemProxy */ = {
			isa = PBXContainerItemProxy;
			containerPortal = A1DFBEA7275230F800DFCFCF /* Project object */;
			proxyType = 1;
			remoteGlobalIDString = A1DFBEAE275230F800DFCFCF;
			remoteInfo = WhatToWatch;
		};
/* End PBXContainerItemProxy section */

/* Begin PBXFileReference section */
		088B087E2753D7F20011CACB /* WatchListView.swift */ = {isa = PBXFileReference; lastKnownFileType = sourcecode.swift; path = WatchListView.swift; sourceTree = "<group>"; };
		088B08802753D8020011CACB /* TrashListView.swift */ = {isa = PBXFileReference; lastKnownFileType = sourcecode.swift; path = TrashListView.swift; sourceTree = "<group>"; };
		088B08822753D81F0011CACB /* AdditionalInfoView.swift */ = {isa = PBXFileReference; lastKnownFileType = sourcecode.swift; path = AdditionalInfoView.swift; sourceTree = "<group>"; };
		088B08842753D8EE0011CACB /* SwipeView.swift */ = {isa = PBXFileReference; lastKnownFileType = sourcecode.swift; path = SwipeView.swift; sourceTree = "<group>"; };
		0898B8F32753C90300446BFA /* MainView.swift */ = {isa = PBXFileReference; lastKnownFileType = sourcecode.swift; path = MainView.swift; sourceTree = "<group>"; };
		A1DFBEAF275230F800DFCFCF /* WhatToWatch.app */ = {isa = PBXFileReference; explicitFileType = wrapper.application; includeInIndex = 0; path = WhatToWatch.app; sourceTree = BUILT_PRODUCTS_DIR; };
		A1DFBEB2275230F800DFCFCF /* WhatToWatchApp.swift */ = {isa = PBXFileReference; lastKnownFileType = sourcecode.swift; path = WhatToWatchApp.swift; sourceTree = "<group>"; };
		A1DFBEB4275230F800DFCFCF /* ContentView.swift */ = {isa = PBXFileReference; lastKnownFileType = sourcecode.swift; path = ContentView.swift; sourceTree = "<group>"; };
		A1DFBEB6275230FA00DFCFCF /* Assets.xcassets */ = {isa = PBXFileReference; lastKnownFileType = folder.assetcatalog; path = Assets.xcassets; sourceTree = "<group>"; };
		A1DFBEB9275230FA00DFCFCF /* Preview Assets.xcassets */ = {isa = PBXFileReference; lastKnownFileType = folder.assetcatalog; path = "Preview Assets.xcassets"; sourceTree = "<group>"; };
		A1DFBEBB275230FA00DFCFCF /* Persistence.swift */ = {isa = PBXFileReference; lastKnownFileType = sourcecode.swift; path = Persistence.swift; sourceTree = "<group>"; };
		A1DFBEBE275230FA00DFCFCF /* WhatToWatch.xcdatamodel */ = {isa = PBXFileReference; lastKnownFileType = wrapper.xcdatamodel; path = WhatToWatch.xcdatamodel; sourceTree = "<group>"; };
		A1DFBEC4275230FA00DFCFCF /* WhatToWatchTests.xctest */ = {isa = PBXFileReference; explicitFileType = wrapper.cfbundle; includeInIndex = 0; path = WhatToWatchTests.xctest; sourceTree = BUILT_PRODUCTS_DIR; };
		A1DFBEC8275230FA00DFCFCF /* WhatToWatchTests.swift */ = {isa = PBXFileReference; lastKnownFileType = sourcecode.swift; path = WhatToWatchTests.swift; sourceTree = "<group>"; };
		A1DFBECE275230FA00DFCFCF /* WhatToWatchUITests.xctest */ = {isa = PBXFileReference; explicitFileType = wrapper.cfbundle; includeInIndex = 0; path = WhatToWatchUITests.xctest; sourceTree = BUILT_PRODUCTS_DIR; };
		A1DFBED2275230FA00DFCFCF /* WhatToWatchUITests.swift */ = {isa = PBXFileReference; lastKnownFileType = sourcecode.swift; path = WhatToWatchUITests.swift; sourceTree = "<group>"; };
		A1DFBED4275230FA00DFCFCF /* WhatToWatchUITestsLaunchTests.swift */ = {isa = PBXFileReference; lastKnownFileType = sourcecode.swift; path = WhatToWatchUITestsLaunchTests.swift; sourceTree = "<group>"; };
		A1DFBEE2275269B600DFCFCF /* MovieSet.swift */ = {isa = PBXFileReference; lastKnownFileType = sourcecode.swift; path = MovieSet.swift; sourceTree = "<group>"; };
		A1DFBEE4275269C400DFCFCF /* Movie.swift */ = {isa = PBXFileReference; lastKnownFileType = sourcecode.swift; path = Movie.swift; sourceTree = "<group>"; };
		A1DFBEE6275269D600DFCFCF /* MovieModel.swift */ = {isa = PBXFileReference; lastKnownFileType = sourcecode.swift; path = MovieModel.swift; sourceTree = "<group>"; };
		A1DFBEEB27527C7C00DFCFCF /* Remote.swift */ = {isa = PBXFileReference; lastKnownFileType = sourcecode.swift; path = Remote.swift; sourceTree = "<group>"; };
/* End PBXFileReference section */

/* Begin PBXFrameworksBuildPhase section */
		A1DFBEAC275230F800DFCFCF /* Frameworks */ = {
			isa = PBXFrameworksBuildPhase;
			buildActionMask = 2147483647;
			files = (
			);
			runOnlyForDeploymentPostprocessing = 0;
		};
		A1DFBEC1275230FA00DFCFCF /* Frameworks */ = {
			isa = PBXFrameworksBuildPhase;
			buildActionMask = 2147483647;
			files = (
			);
			runOnlyForDeploymentPostprocessing = 0;
		};
		A1DFBECB275230FA00DFCFCF /* Frameworks */ = {
			isa = PBXFrameworksBuildPhase;
			buildActionMask = 2147483647;
			files = (
			);
			runOnlyForDeploymentPostprocessing = 0;
		};
/* End PBXFrameworksBuildPhase section */

/* Begin PBXGroup section */
		A1DFBEA6275230F800DFCFCF = {
			isa = PBXGroup;
			children = (
				A1DFBEB1275230F800DFCFCF /* WhatToWatch */,
				A1DFBEC7275230FA00DFCFCF /* WhatToWatchTests */,
				A1DFBED1275230FA00DFCFCF /* WhatToWatchUITests */,
				A1DFBEB0275230F800DFCFCF /* Products */,
			);
			sourceTree = "<group>";
		};
		A1DFBEB0275230F800DFCFCF /* Products */ = {
			isa = PBXGroup;
			children = (
				A1DFBEAF275230F800DFCFCF /* WhatToWatch.app */,
				A1DFBEC4275230FA00DFCFCF /* WhatToWatchTests.xctest */,
				A1DFBECE275230FA00DFCFCF /* WhatToWatchUITests.xctest */,
			);
			name = Products;
			sourceTree = "<group>";
		};
		A1DFBEB1275230F800DFCFCF /* WhatToWatch */ = {
			isa = PBXGroup;
			children = (
				A1DFBEE12752699B00DFCFCF /* Data */,
				A1DFBEB2275230F800DFCFCF /* WhatToWatchApp.swift */,
				A1DFBEB4275230F800DFCFCF /* ContentView.swift */,
				088B08822753D81F0011CACB /* AdditionalInfoView.swift */,
				088B08802753D8020011CACB /* TrashListView.swift */,
				088B08842753D8EE0011CACB /* SwipeView.swift */,
				088B087E2753D7F20011CACB /* WatchListView.swift */,
				0898B8F32753C90300446BFA /* MainView.swift */,
				A1DFBEEB27527C7C00DFCFCF /* Remote.swift */,
				A1DFBEB6275230FA00DFCFCF /* Assets.xcassets */,
				A1DFBEBB275230FA00DFCFCF /* Persistence.swift */,
				A1DFBEBD275230FA00DFCFCF /* WhatToWatch.xcdatamodeld */,
				A1DFBEB8275230FA00DFCFCF /* Preview Content */,
			);
			path = WhatToWatch;
			sourceTree = "<group>";
		};
		A1DFBEB8275230FA00DFCFCF /* Preview Content */ = {
			isa = PBXGroup;
			children = (
				A1DFBEB9275230FA00DFCFCF /* Preview Assets.xcassets */,
			);
			path = "Preview Content";
			sourceTree = "<group>";
		};
		A1DFBEC7275230FA00DFCFCF /* WhatToWatchTests */ = {
			isa = PBXGroup;
			children = (
				A1DFBEC8275230FA00DFCFCF /* WhatToWatchTests.swift */,
			);
			path = WhatToWatchTests;
			sourceTree = "<group>";
		};
		A1DFBED1275230FA00DFCFCF /* WhatToWatchUITests */ = {
			isa = PBXGroup;
			children = (
				A1DFBED2275230FA00DFCFCF /* WhatToWatchUITests.swift */,
				A1DFBED4275230FA00DFCFCF /* WhatToWatchUITestsLaunchTests.swift */,
			);
			path = WhatToWatchUITests;
			sourceTree = "<group>";
		};
		A1DFBEE12752699B00DFCFCF /* Data */ = {
			isa = PBXGroup;
			children = (
				A1DFBEE2275269B600DFCFCF /* MovieSet.swift */,
				A1DFBEE4275269C400DFCFCF /* Movie.swift */,
				A1DFBEE6275269D600DFCFCF /* MovieModel.swift */,
			);
			path = Data;
			sourceTree = "<group>";
		};
/* End PBXGroup section */

/* Begin PBXNativeTarget section */
		A1DFBEAE275230F800DFCFCF /* WhatToWatch */ = {
			isa = PBXNativeTarget;
			buildConfigurationList = A1DFBED8275230FA00DFCFCF /* Build configuration list for PBXNativeTarget "WhatToWatch" */;
			buildPhases = (
				A1DFBEAB275230F800DFCFCF /* Sources */,
				A1DFBEAC275230F800DFCFCF /* Frameworks */,
				A1DFBEAD275230F800DFCFCF /* Resources */,
			);
			buildRules = (
			);
			dependencies = (
			);
			name = WhatToWatch;
			productName = WhatToWatch;
			productReference = A1DFBEAF275230F800DFCFCF /* WhatToWatch.app */;
			productType = "com.apple.product-type.application";
		};
		A1DFBEC3275230FA00DFCFCF /* WhatToWatchTests */ = {
			isa = PBXNativeTarget;
			buildConfigurationList = A1DFBEDB275230FA00DFCFCF /* Build configuration list for PBXNativeTarget "WhatToWatchTests" */;
			buildPhases = (
				A1DFBEC0275230FA00DFCFCF /* Sources */,
				A1DFBEC1275230FA00DFCFCF /* Frameworks */,
				A1DFBEC2275230FA00DFCFCF /* Resources */,
			);
			buildRules = (
			);
			dependencies = (
				A1DFBEC6275230FA00DFCFCF /* PBXTargetDependency */,
			);
			name = WhatToWatchTests;
			productName = WhatToWatchTests;
			productReference = A1DFBEC4275230FA00DFCFCF /* WhatToWatchTests.xctest */;
			productType = "com.apple.product-type.bundle.unit-test";
		};
		A1DFBECD275230FA00DFCFCF /* WhatToWatchUITests */ = {
			isa = PBXNativeTarget;
			buildConfigurationList = A1DFBEDE275230FA00DFCFCF /* Build configuration list for PBXNativeTarget "WhatToWatchUITests" */;
			buildPhases = (
				A1DFBECA275230FA00DFCFCF /* Sources */,
				A1DFBECB275230FA00DFCFCF /* Frameworks */,
				A1DFBECC275230FA00DFCFCF /* Resources */,
			);
			buildRules = (
			);
			dependencies = (
				A1DFBED0275230FA00DFCFCF /* PBXTargetDependency */,
			);
			name = WhatToWatchUITests;
			productName = WhatToWatchUITests;
			productReference = A1DFBECE275230FA00DFCFCF /* WhatToWatchUITests.xctest */;
			productType = "com.apple.product-type.bundle.ui-testing";
		};
/* End PBXNativeTarget section */

/* Begin PBXProject section */
		A1DFBEA7275230F800DFCFCF /* Project object */ = {
			isa = PBXProject;
			attributes = {
				BuildIndependentTargetsInParallel = 1;
				LastSwiftUpdateCheck = 1310;
				LastUpgradeCheck = 1310;
				TargetAttributes = {
					A1DFBEAE275230F800DFCFCF = {
						CreatedOnToolsVersion = 13.1;
					};
					A1DFBEC3275230FA00DFCFCF = {
						CreatedOnToolsVersion = 13.1;
						TestTargetID = A1DFBEAE275230F800DFCFCF;
					};
					A1DFBECD275230FA00DFCFCF = {
						CreatedOnToolsVersion = 13.1;
						TestTargetID = A1DFBEAE275230F800DFCFCF;
					};
				};
			};
			buildConfigurationList = A1DFBEAA275230F800DFCFCF /* Build configuration list for PBXProject "WhatToWatch" */;
			compatibilityVersion = "Xcode 13.0";
			developmentRegion = en;
			hasScannedForEncodings = 0;
			knownRegions = (
				en,
				Base,
			);
			mainGroup = A1DFBEA6275230F800DFCFCF;
			productRefGroup = A1DFBEB0275230F800DFCFCF /* Products */;
			projectDirPath = "";
			projectRoot = "";
			targets = (
				A1DFBEAE275230F800DFCFCF /* WhatToWatch */,
				A1DFBEC3275230FA00DFCFCF /* WhatToWatchTests */,
				A1DFBECD275230FA00DFCFCF /* WhatToWatchUITests */,
			);
		};
/* End PBXProject section */

/* Begin PBXResourcesBuildPhase section */
		A1DFBEAD275230F800DFCFCF /* Resources */ = {
			isa = PBXResourcesBuildPhase;
			buildActionMask = 2147483647;
			files = (
				A1DFBEBA275230FA00DFCFCF /* Preview Assets.xcassets in Resources */,
				A1DFBEB7275230FA00DFCFCF /* Assets.xcassets in Resources */,
			);
			runOnlyForDeploymentPostprocessing = 0;
		};
		A1DFBEC2275230FA00DFCFCF /* Resources */ = {
			isa = PBXResourcesBuildPhase;
			buildActionMask = 2147483647;
			files = (
			);
			runOnlyForDeploymentPostprocessing = 0;
		};
		A1DFBECC275230FA00DFCFCF /* Resources */ = {
			isa = PBXResourcesBuildPhase;
			buildActionMask = 2147483647;
			files = (
			);
			runOnlyForDeploymentPostprocessing = 0;
		};
/* End PBXResourcesBuildPhase section */

/* Begin PBXSourcesBuildPhase section */
		A1DFBEAB275230F800DFCFCF /* Sources */ = {
			isa = PBXSourcesBuildPhase;
			buildActionMask = 2147483647;
			files = (
				A1DFBEE7275269D600DFCFCF /* MovieModel.swift in Sources */,
				0898B8F42753C90300446BFA /* MainView.swift in Sources */,
				A1DFBEE3275269B600DFCFCF /* MovieSet.swift in Sources */,
				088B08812753D8020011CACB /* TrashListView.swift in Sources */,
				A1DFBEBC275230FA00DFCFCF /* Persistence.swift in Sources */,
				A1DFBEEC27527C7C00DFCFCF /* Remote.swift in Sources */,
				A1DFBEE5275269C400DFCFCF /* Movie.swift in Sources */,
				A1DFBEB5275230F800DFCFCF /* ContentView.swift in Sources */,
				A1DFBEBF275230FA00DFCFCF /* WhatToWatch.xcdatamodeld in Sources */,
				088B08852753D8EE0011CACB /* SwipeView.swift in Sources */,
				088B087F2753D7F20011CACB /* WatchListView.swift in Sources */,
				A1DFBEB3275230F800DFCFCF /* WhatToWatchApp.swift in Sources */,
				088B08832753D81F0011CACB /* AdditionalInfoView.swift in Sources */,
			);
			runOnlyForDeploymentPostprocessing = 0;
		};
		A1DFBEC0275230FA00DFCFCF /* Sources */ = {
			isa = PBXSourcesBuildPhase;
			buildActionMask = 2147483647;
			files = (
				A1DFBEC9275230FA00DFCFCF /* WhatToWatchTests.swift in Sources */,
			);
			runOnlyForDeploymentPostprocessing = 0;
		};
		A1DFBECA275230FA00DFCFCF /* Sources */ = {
			isa = PBXSourcesBuildPhase;
			buildActionMask = 2147483647;
			files = (
				A1DFBED3275230FA00DFCFCF /* WhatToWatchUITests.swift in Sources */,
				A1DFBED5275230FA00DFCFCF /* WhatToWatchUITestsLaunchTests.swift in Sources */,
			);
			runOnlyForDeploymentPostprocessing = 0;
		};
/* End PBXSourcesBuildPhase section */

/* Begin PBXTargetDependency section */
		A1DFBEC6275230FA00DFCFCF /* PBXTargetDependency */ = {
			isa = PBXTargetDependency;
			target = A1DFBEAE275230F800DFCFCF /* WhatToWatch */;
			targetProxy = A1DFBEC5275230FA00DFCFCF /* PBXContainerItemProxy */;
		};
		A1DFBED0275230FA00DFCFCF /* PBXTargetDependency */ = {
			isa = PBXTargetDependency;
			target = A1DFBEAE275230F800DFCFCF /* WhatToWatch */;
			targetProxy = A1DFBECF275230FA00DFCFCF /* PBXContainerItemProxy */;
		};
/* End PBXTargetDependency section */

/* Begin XCBuildConfiguration section */
		A1DFBED6275230FA00DFCFCF /* Debug */ = {
			isa = XCBuildConfiguration;
			buildSettings = {
				ALWAYS_SEARCH_USER_PATHS = NO;
				CLANG_ANALYZER_NONNULL = YES;
				CLANG_ANALYZER_NUMBER_OBJECT_CONVERSION = YES_AGGRESSIVE;
				CLANG_CXX_LANGUAGE_STANDARD = "gnu++17";
				CLANG_CXX_LIBRARY = "libc++";
				CLANG_ENABLE_MODULES = YES;
				CLANG_ENABLE_OBJC_ARC = YES;
				CLANG_ENABLE_OBJC_WEAK = YES;
				CLANG_WARN_BLOCK_CAPTURE_AUTORELEASING = YES;
				CLANG_WARN_BOOL_CONVERSION = YES;
				CLANG_WARN_COMMA = YES;
				CLANG_WARN_CONSTANT_CONVERSION = YES;
				CLANG_WARN_DEPRECATED_OBJC_IMPLEMENTATIONS = YES;
				CLANG_WARN_DIRECT_OBJC_ISA_USAGE = YES_ERROR;
				CLANG_WARN_DOCUMENTATION_COMMENTS = YES;
				CLANG_WARN_EMPTY_BODY = YES;
				CLANG_WARN_ENUM_CONVERSION = YES;
				CLANG_WARN_INFINITE_RECURSION = YES;
				CLANG_WARN_INT_CONVERSION = YES;
				CLANG_WARN_NON_LITERAL_NULL_CONVERSION = YES;
				CLANG_WARN_OBJC_IMPLICIT_RETAIN_SELF = YES;
				CLANG_WARN_OBJC_LITERAL_CONVERSION = YES;
				CLANG_WARN_OBJC_ROOT_CLASS = YES_ERROR;
				CLANG_WARN_QUOTED_INCLUDE_IN_FRAMEWORK_HEADER = YES;
				CLANG_WARN_RANGE_LOOP_ANALYSIS = YES;
				CLANG_WARN_STRICT_PROTOTYPES = YES;
				CLANG_WARN_SUSPICIOUS_MOVE = YES;
				CLANG_WARN_UNGUARDED_AVAILABILITY = YES_AGGRESSIVE;
				CLANG_WARN_UNREACHABLE_CODE = YES;
				CLANG_WARN__DUPLICATE_METHOD_MATCH = YES;
				COPY_PHASE_STRIP = NO;
				DEBUG_INFORMATION_FORMAT = dwarf;
				ENABLE_STRICT_OBJC_MSGSEND = YES;
				ENABLE_TESTABILITY = YES;
				GCC_C_LANGUAGE_STANDARD = gnu11;
				GCC_DYNAMIC_NO_PIC = NO;
				GCC_NO_COMMON_BLOCKS = YES;
				GCC_OPTIMIZATION_LEVEL = 0;
				GCC_PREPROCESSOR_DEFINITIONS = (
					"DEBUG=1",
					"$(inherited)",
				);
				GCC_WARN_64_TO_32_BIT_CONVERSION = YES;
				GCC_WARN_ABOUT_RETURN_TYPE = YES_ERROR;
				GCC_WARN_UNDECLARED_SELECTOR = YES;
				GCC_WARN_UNINITIALIZED_AUTOS = YES_AGGRESSIVE;
				GCC_WARN_UNUSED_FUNCTION = YES;
				GCC_WARN_UNUSED_VARIABLE = YES;
				IPHONEOS_DEPLOYMENT_TARGET = 15.0;
				MTL_ENABLE_DEBUG_INFO = INCLUDE_SOURCE;
				MTL_FAST_MATH = YES;
				ONLY_ACTIVE_ARCH = YES;
				SDKROOT = iphoneos;
				SWIFT_ACTIVE_COMPILATION_CONDITIONS = DEBUG;
				SWIFT_OPTIMIZATION_LEVEL = "-Onone";
			};
			name = Debug;
		};
		A1DFBED7275230FA00DFCFCF /* Release */ = {
			isa = XCBuildConfiguration;
			buildSettings = {
				ALWAYS_SEARCH_USER_PATHS = NO;
				CLANG_ANALYZER_NONNULL = YES;
				CLANG_ANALYZER_NUMBER_OBJECT_CONVERSION = YES_AGGRESSIVE;
				CLANG_CXX_LANGUAGE_STANDARD = "gnu++17";
				CLANG_CXX_LIBRARY = "libc++";
				CLANG_ENABLE_MODULES = YES;
				CLANG_ENABLE_OBJC_ARC = YES;
				CLANG_ENABLE_OBJC_WEAK = YES;
				CLANG_WARN_BLOCK_CAPTURE_AUTORELEASING = YES;
				CLANG_WARN_BOOL_CONVERSION = YES;
				CLANG_WARN_COMMA = YES;
				CLANG_WARN_CONSTANT_CONVERSION = YES;
				CLANG_WARN_DEPRECATED_OBJC_IMPLEMENTATIONS = YES;
				CLANG_WARN_DIRECT_OBJC_ISA_USAGE = YES_ERROR;
				CLANG_WARN_DOCUMENTATION_COMMENTS = YES;
				CLANG_WARN_EMPTY_BODY = YES;
				CLANG_WARN_ENUM_CONVERSION = YES;
				CLANG_WARN_INFINITE_RECURSION = YES;
				CLANG_WARN_INT_CONVERSION = YES;
				CLANG_WARN_NON_LITERAL_NULL_CONVERSION = YES;
				CLANG_WARN_OBJC_IMPLICIT_RETAIN_SELF = YES;
				CLANG_WARN_OBJC_LITERAL_CONVERSION = YES;
				CLANG_WARN_OBJC_ROOT_CLASS = YES_ERROR;
				CLANG_WARN_QUOTED_INCLUDE_IN_FRAMEWORK_HEADER = YES;
				CLANG_WARN_RANGE_LOOP_ANALYSIS = YES;
				CLANG_WARN_STRICT_PROTOTYPES = YES;
				CLANG_WARN_SUSPICIOUS_MOVE = YES;
				CLANG_WARN_UNGUARDED_AVAILABILITY = YES_AGGRESSIVE;
				CLANG_WARN_UNREACHABLE_CODE = YES;
				CLANG_WARN__DUPLICATE_METHOD_MATCH = YES;
				COPY_PHASE_STRIP = NO;
				DEBUG_INFORMATION_FORMAT = "dwarf-with-dsym";
				ENABLE_NS_ASSERTIONS = NO;
				ENABLE_STRICT_OBJC_MSGSEND = YES;
				GCC_C_LANGUAGE_STANDARD = gnu11;
				GCC_NO_COMMON_BLOCKS = YES;
				GCC_WARN_64_TO_32_BIT_CONVERSION = YES;
				GCC_WARN_ABOUT_RETURN_TYPE = YES_ERROR;
				GCC_WARN_UNDECLARED_SELECTOR = YES;
				GCC_WARN_UNINITIALIZED_AUTOS = YES_AGGRESSIVE;
				GCC_WARN_UNUSED_FUNCTION = YES;
				GCC_WARN_UNUSED_VARIABLE = YES;
				IPHONEOS_DEPLOYMENT_TARGET = 15.0;
				MTL_ENABLE_DEBUG_INFO = NO;
				MTL_FAST_MATH = YES;
				SDKROOT = iphoneos;
				SWIFT_COMPILATION_MODE = wholemodule;
				SWIFT_OPTIMIZATION_LEVEL = "-O";
				VALIDATE_PRODUCT = YES;
			};
			name = Release;
		};
		A1DFBED9275230FA00DFCFCF /* Debug */ = {
			isa = XCBuildConfiguration;
			buildSettings = {
				ASSETCATALOG_COMPILER_APPICON_NAME = AppIcon;
				ASSETCATALOG_COMPILER_GLOBAL_ACCENT_COLOR_NAME = AccentColor;
				CODE_SIGN_STYLE = Automatic;
				CURRENT_PROJECT_VERSION = 1;
				DEVELOPMENT_ASSET_PATHS = "\"WhatToWatch/Preview Content\"";
				DEVELOPMENT_TEAM = 6E6JS63949;
				ENABLE_PREVIEWS = YES;
				GENERATE_INFOPLIST_FILE = YES;
				INFOPLIST_KEY_UIApplicationSceneManifest_Generation = YES;
				INFOPLIST_KEY_UIApplicationSupportsIndirectInputEvents = YES;
				INFOPLIST_KEY_UILaunchScreen_Generation = YES;
				INFOPLIST_KEY_UISupportedInterfaceOrientations_iPad = "UIInterfaceOrientationPortrait UIInterfaceOrientationPortraitUpsideDown UIInterfaceOrientationLandscapeLeft UIInterfaceOrientationLandscapeRight";
				INFOPLIST_KEY_UISupportedInterfaceOrientations_iPhone = "UIInterfaceOrientationPortrait UIInterfaceOrientationLandscapeLeft UIInterfaceOrientationLandscapeRight";
				LD_RUNPATH_SEARCH_PATHS = (
					"$(inherited)",
					"@executable_path/Frameworks",
				);
				MARKETING_VERSION = 1.0;
				PRODUCT_BUNDLE_IDENTIFIER = "-4.project.team.WhatToWatch";
				PRODUCT_NAME = "$(TARGET_NAME)";
				SWIFT_EMIT_LOC_STRINGS = YES;
				SWIFT_VERSION = 5.0;
				TARGETED_DEVICE_FAMILY = "1,2";
			};
			name = Debug;
		};
		A1DFBEDA275230FA00DFCFCF /* Release */ = {
			isa = XCBuildConfiguration;
			buildSettings = {
				ASSETCATALOG_COMPILER_APPICON_NAME = AppIcon;
				ASSETCATALOG_COMPILER_GLOBAL_ACCENT_COLOR_NAME = AccentColor;
				CODE_SIGN_STYLE = Automatic;
				CURRENT_PROJECT_VERSION = 1;
				DEVELOPMENT_ASSET_PATHS = "\"WhatToWatch/Preview Content\"";
				DEVELOPMENT_TEAM = 6E6JS63949;
				ENABLE_PREVIEWS = YES;
				GENERATE_INFOPLIST_FILE = YES;
				INFOPLIST_KEY_UIApplicationSceneManifest_Generation = YES;
				INFOPLIST_KEY_UIApplicationSupportsIndirectInputEvents = YES;
				INFOPLIST_KEY_UILaunchScreen_Generation = YES;
				INFOPLIST_KEY_UISupportedInterfaceOrientations_iPad = "UIInterfaceOrientationPortrait UIInterfaceOrientationPortraitUpsideDown UIInterfaceOrientationLandscapeLeft UIInterfaceOrientationLandscapeRight";
				INFOPLIST_KEY_UISupportedInterfaceOrientations_iPhone = "UIInterfaceOrientationPortrait UIInterfaceOrientationLandscapeLeft UIInterfaceOrientationLandscapeRight";
				LD_RUNPATH_SEARCH_PATHS = (
					"$(inherited)",
					"@executable_path/Frameworks",
				);
				MARKETING_VERSION = 1.0;
				PRODUCT_BUNDLE_IDENTIFIER = "-4.project.team.WhatToWatch";
				PRODUCT_NAME = "$(TARGET_NAME)";
				SWIFT_EMIT_LOC_STRINGS = YES;
				SWIFT_VERSION = 5.0;
				TARGETED_DEVICE_FAMILY = "1,2";
			};
			name = Release;
		};
		A1DFBEDC275230FA00DFCFCF /* Debug */ = {
			isa = XCBuildConfiguration;
			buildSettings = {
				ALWAYS_EMBED_SWIFT_STANDARD_LIBRARIES = YES;
				BUNDLE_LOADER = "$(TEST_HOST)";
				CODE_SIGN_STYLE = Automatic;
				CURRENT_PROJECT_VERSION = 1;
				DEVELOPMENT_TEAM = 6E6JS63949;
				GENERATE_INFOPLIST_FILE = YES;
				IPHONEOS_DEPLOYMENT_TARGET = 15.0;
				LD_RUNPATH_SEARCH_PATHS = (
					"$(inherited)",
					"@executable_path/Frameworks",
					"@loader_path/Frameworks",
				);
				MARKETING_VERSION = 1.0;
				PRODUCT_BUNDLE_IDENTIFIER = "-4.project.team.WhatToWatchTests";
				PRODUCT_NAME = "$(TARGET_NAME)";
				SWIFT_EMIT_LOC_STRINGS = NO;
				SWIFT_VERSION = 5.0;
				TARGETED_DEVICE_FAMILY = "1,2";
				TEST_HOST = "$(BUILT_PRODUCTS_DIR)/WhatToWatch.app/WhatToWatch";
			};
			name = Debug;
		};
		A1DFBEDD275230FA00DFCFCF /* Release */ = {
			isa = XCBuildConfiguration;
			buildSettings = {
				ALWAYS_EMBED_SWIFT_STANDARD_LIBRARIES = YES;
				BUNDLE_LOADER = "$(TEST_HOST)";
				CODE_SIGN_STYLE = Automatic;
				CURRENT_PROJECT_VERSION = 1;
				DEVELOPMENT_TEAM = 6E6JS63949;
				GENERATE_INFOPLIST_FILE = YES;
				IPHONEOS_DEPLOYMENT_TARGET = 15.0;
				LD_RUNPATH_SEARCH_PATHS = (
					"$(inherited)",
					"@executable_path/Frameworks",
					"@loader_path/Frameworks",
				);
				MARKETING_VERSION = 1.0;
				PRODUCT_BUNDLE_IDENTIFIER = "-4.project.team.WhatToWatchTests";
				PRODUCT_NAME = "$(TARGET_NAME)";
				SWIFT_EMIT_LOC_STRINGS = NO;
				SWIFT_VERSION = 5.0;
				TARGETED_DEVICE_FAMILY = "1,2";
				TEST_HOST = "$(BUILT_PRODUCTS_DIR)/WhatToWatch.app/WhatToWatch";
			};
			name = Release;
		};
		A1DFBEDF275230FA00DFCFCF /* Debug */ = {
			isa = XCBuildConfiguration;
			buildSettings = {
				ALWAYS_EMBED_SWIFT_STANDARD_LIBRARIES = YES;
				CODE_SIGN_STYLE = Automatic;
				CURRENT_PROJECT_VERSION = 1;
				DEVELOPMENT_TEAM = 6E6JS63949;
				GENERATE_INFOPLIST_FILE = YES;
				LD_RUNPATH_SEARCH_PATHS = (
					"$(inherited)",
					"@executable_path/Frameworks",
					"@loader_path/Frameworks",
				);
				MARKETING_VERSION = 1.0;
				PRODUCT_BUNDLE_IDENTIFIER = "-4.project.team.WhatToWatchUITests";
				PRODUCT_NAME = "$(TARGET_NAME)";
				SWIFT_EMIT_LOC_STRINGS = NO;
				SWIFT_VERSION = 5.0;
				TARGETED_DEVICE_FAMILY = "1,2";
				TEST_TARGET_NAME = WhatToWatch;
			};
			name = Debug;
		};
		A1DFBEE0275230FA00DFCFCF /* Release */ = {
			isa = XCBuildConfiguration;
			buildSettings = {
				ALWAYS_EMBED_SWIFT_STANDARD_LIBRARIES = YES;
				CODE_SIGN_STYLE = Automatic;
				CURRENT_PROJECT_VERSION = 1;
				DEVELOPMENT_TEAM = 6E6JS63949;
				GENERATE_INFOPLIST_FILE = YES;
				LD_RUNPATH_SEARCH_PATHS = (
					"$(inherited)",
					"@executable_path/Frameworks",
					"@loader_path/Frameworks",
				);
				MARKETING_VERSION = 1.0;
				PRODUCT_BUNDLE_IDENTIFIER = "-4.project.team.WhatToWatchUITests";
				PRODUCT_NAME = "$(TARGET_NAME)";
				SWIFT_EMIT_LOC_STRINGS = NO;
				SWIFT_VERSION = 5.0;
				TARGETED_DEVICE_FAMILY = "1,2";
				TEST_TARGET_NAME = WhatToWatch;
			};
			name = Release;
		};
/* End XCBuildConfiguration section */

/* Begin XCConfigurationList section */
		A1DFBEAA275230F800DFCFCF /* Build configuration list for PBXProject "WhatToWatch" */ = {
			isa = XCConfigurationList;
			buildConfigurations = (
				A1DFBED6275230FA00DFCFCF /* Debug */,
				A1DFBED7275230FA00DFCFCF /* Release */,
			);
			defaultConfigurationIsVisible = 0;
			defaultConfigurationName = Release;
		};
		A1DFBED8275230FA00DFCFCF /* Build configuration list for PBXNativeTarget "WhatToWatch" */ = {
			isa = XCConfigurationList;
			buildConfigurations = (
				A1DFBED9275230FA00DFCFCF /* Debug */,
				A1DFBEDA275230FA00DFCFCF /* Release */,
			);
			defaultConfigurationIsVisible = 0;
			defaultConfigurationName = Release;
		};
		A1DFBEDB275230FA00DFCFCF /* Build configuration list for PBXNativeTarget "WhatToWatchTests" */ = {
			isa = XCConfigurationList;
			buildConfigurations = (
				A1DFBEDC275230FA00DFCFCF /* Debug */,
				A1DFBEDD275230FA00DFCFCF /* Release */,
			);
			defaultConfigurationIsVisible = 0;
			defaultConfigurationName = Release;
		};
		A1DFBEDE275230FA00DFCFCF /* Build configuration list for PBXNativeTarget "WhatToWatchUITests" */ = {
			isa = XCConfigurationList;
			buildConfigurations = (
				A1DFBEDF275230FA00DFCFCF /* Debug */,
				A1DFBEE0275230FA00DFCFCF /* Release */,
			);
			defaultConfigurationIsVisible = 0;
			defaultConfigurationName = Release;
		};
/* End XCConfigurationList section */

/* Begin XCVersionGroup section */
		A1DFBEBD275230FA00DFCFCF /* WhatToWatch.xcdatamodeld */ = {
			isa = XCVersionGroup;
			children = (
				A1DFBEBE275230FA00DFCFCF /* WhatToWatch.xcdatamodel */,
			);
			currentVersion = A1DFBEBE275230FA00DFCFCF /* WhatToWatch.xcdatamodel */;
			path = WhatToWatch.xcdatamodeld;
			sourceTree = "<group>";
			versionGroupType = wrapper.xcdatamodel;
		};
/* End XCVersionGroup section */
	};
	rootObject = A1DFBEA7275230F800DFCFCF /* Project object */;
}
